// !$*UTF8*$!
{
	archiveVersion = 1;
	classes = {
	};
	objectVersion = 50;
	objects = {

/* Begin PBXBuildFile section */
		31E0776120A26EA100934EF6 /* AppDelegate.swift in Sources */ = {isa = PBXBuildFile; fileRef = 31E0776020A26EA100934EF6 /* AppDelegate.swift */; };
		31E0776320A26EA100934EF6 /* ViewController.swift in Sources */ = {isa = PBXBuildFile; fileRef = 31E0776220A26EA100934EF6 /* ViewController.swift */; };
		31E0776620A26EA100934EF6 /* Main.storyboard in Resources */ = {isa = PBXBuildFile; fileRef = 31E0776420A26EA100934EF6 /* Main.storyboard */; };
		31E0776820A26EA600934EF6 /* Assets.xcassets in Resources */ = {isa = PBXBuildFile; fileRef = 31E0776720A26EA600934EF6 /* Assets.xcassets */; };
		31E0776B20A26EA600934EF6 /* LaunchScreen.storyboard in Resources */ = {isa = PBXBuildFile; fileRef = 31E0776920A26EA600934EF6 /* LaunchScreen.storyboard */; };
		31E0777620A26EA600934EF6 /* pricegetterTests.swift in Sources */ = {isa = PBXBuildFile; fileRef = 31E0777520A26EA600934EF6 /* pricegetterTests.swift */; };
		31E0778120A26EA600934EF6 /* pricegetterUITests.swift in Sources */ = {isa = PBXBuildFile; fileRef = 31E0778020A26EA600934EF6 /* pricegetterUITests.swift */; };
/* End PBXBuildFile section */

/* Begin PBXContainerItemProxy section */
		31E0777220A26EA600934EF6 /* PBXContainerItemProxy */ = {
			isa = PBXContainerItemProxy;
			containerPortal = 31E0775520A26EA100934EF6 /* Project object */;
			proxyType = 1;
			remoteGlobalIDString = 31E0775C20A26EA100934EF6;
			remoteInfo = pricegetter;
		};
		31E0777D20A26EA600934EF6 /* PBXContainerItemProxy */ = {
			isa = PBXContainerItemProxy;
			containerPortal = 31E0775520A26EA100934EF6 /* Project object */;
			proxyType = 1;
			remoteGlobalIDString = 31E0775C20A26EA100934EF6;
			remoteInfo = pricegetter;
		};
/* End PBXContainerItemProxy section */

/* Begin PBXFileReference section */
		31E0775D20A26EA100934EF6 /* pricegetter.app */ = {isa = PBXFileReference; explicitFileType = wrapper.application; includeInIndex = 0; path = pricegetter.app; sourceTree = BUILT_PRODUCTS_DIR; };
		31E0776020A26EA100934EF6 /* AppDelegate.swift */ = {isa = PBXFileReference; lastKnownFileType = sourcecode.swift; path = AppDelegate.swift; sourceTree = "<group>"; };
		31E0776220A26EA100934EF6 /* ViewController.swift */ = {isa = PBXFileReference; lastKnownFileType = sourcecode.swift; path = ViewController.swift; sourceTree = "<group>"; };
		31E0776520A26EA100934EF6 /* Base */ = {isa = PBXFileReference; lastKnownFileType = file.storyboard; name = Base; path = Base.lproj/Main.storyboard; sourceTree = "<group>"; };
		31E0776720A26EA600934EF6 /* Assets.xcassets */ = {isa = PBXFileReference; lastKnownFileType = folder.assetcatalog; path = Assets.xcassets; sourceTree = "<group>"; };
		31E0776A20A26EA600934EF6 /* Base */ = {isa = PBXFileReference; lastKnownFileType = file.storyboard; name = Base; path = Base.lproj/LaunchScreen.storyboard; sourceTree = "<group>"; };
		31E0776C20A26EA600934EF6 /* Info.plist */ = {isa = PBXFileReference; lastKnownFileType = text.plist.xml; path = Info.plist; sourceTree = "<group>"; };
		31E0777120A26EA600934EF6 /* pricegetterTests.xctest */ = {isa = PBXFileReference; explicitFileType = wrapper.cfbundle; includeInIndex = 0; path = pricegetterTests.xctest; sourceTree = BUILT_PRODUCTS_DIR; };
		31E0777520A26EA600934EF6 /* pricegetterTests.swift */ = {isa = PBXFileReference; lastKnownFileType = sourcecode.swift; path = pricegetterTests.swift; sourceTree = "<group>"; };
		31E0777720A26EA600934EF6 /* Info.plist */ = {isa = PBXFileReference; lastKnownFileType = text.plist.xml; path = Info.plist; sourceTree = "<group>"; };
		31E0777C20A26EA600934EF6 /* pricegetterUITests.xctest */ = {isa = PBXFileReference; explicitFileType = wrapper.cfbundle; includeInIndex = 0; path = pricegetterUITests.xctest; sourceTree = BUILT_PRODUCTS_DIR; };
		31E0778020A26EA600934EF6 /* pricegetterUITests.swift */ = {isa = PBXFileReference; lastKnownFileType = sourcecode.swift; path = pricegetterUITests.swift; sourceTree = "<group>"; };
		31E0778220A26EA600934EF6 /* Info.plist */ = {isa = PBXFileReference; lastKnownFileType = text.plist.xml; path = Info.plist; sourceTree = "<group>"; };
/* End PBXFileReference section */

/* Begin PBXFrameworksBuildPhase section */
		31E0775A20A26EA100934EF6 /* Frameworks */ = {
			isa = PBXFrameworksBuildPhase;
			buildActionMask = 2147483647;
			files = (
			);
			runOnlyForDeploymentPostprocessing = 0;
		};
		31E0776E20A26EA600934EF6 /* Frameworks */ = {
			isa = PBXFrameworksBuildPhase;
			buildActionMask = 2147483647;
			files = (
			);
			runOnlyForDeploymentPostprocessing = 0;
		};
		31E0777920A26EA600934EF6 /* Frameworks */ = {
			isa = PBXFrameworksBuildPhase;
			buildActionMask = 2147483647;
			files = (
			);
			runOnlyForDeploymentPostprocessing = 0;
		};
/* End PBXFrameworksBuildPhase section */

/* Begin PBXGroup section */
		31E0775420A26EA100934EF6 = {
			isa = PBXGroup;
			children = (
				31E0775F20A26EA100934EF6 /* pricegetter */,
				31E0777420A26EA600934EF6 /* pricegetterTests */,
				31E0777F20A26EA600934EF6 /* pricegetterUITests */,
				31E0775E20A26EA100934EF6 /* Products */,
			);
			sourceTree = "<group>";
		};
		31E0775E20A26EA100934EF6 /* Products */ = {
			isa = PBXGroup;
			children = (
				31E0775D20A26EA100934EF6 /* pricegetter.app */,
				31E0777120A26EA600934EF6 /* pricegetterTests.xctest */,
				31E0777C20A26EA600934EF6 /* pricegetterUITests.xctest */,
			);
			name = Products;
			sourceTree = "<group>";
		};
		31E0775F20A26EA100934EF6 /* pricegetter */ = {
			isa = PBXGroup;
			children = (
				31E0776020A26EA100934EF6 /* AppDelegate.swift */,
				31E0776220A26EA100934EF6 /* ViewController.swift */,
				31E0776420A26EA100934EF6 /* Main.storyboard */,
				31E0776720A26EA600934EF6 /* Assets.xcassets */,
				31E0776920A26EA600934EF6 /* LaunchScreen.storyboard */,
				31E0776C20A26EA600934EF6 /* Info.plist */,
			);
			path = pricegetter;
			sourceTree = "<group>";
		};
		31E0777420A26EA600934EF6 /* pricegetterTests */ = {
			isa = PBXGroup;
			children = (
				31E0777520A26EA600934EF6 /* pricegetterTests.swift */,
				31E0777720A26EA600934EF6 /* Info.plist */,
			);
			path = pricegetterTests;
			sourceTree = "<group>";
		};
		31E0777F20A26EA600934EF6 /* pricegetterUITests */ = {
			isa = PBXGroup;
			children = (
				31E0778020A26EA600934EF6 /* pricegetterUITests.swift */,
				31E0778220A26EA600934EF6 /* Info.plist */,
			);
			path = pricegetterUITests;
			sourceTree = "<group>";
		};
/* End PBXGroup section */

/* Begin PBXNativeTarget section */
		31E0775C20A26EA100934EF6 /* pricegetter */ = {
			isa = PBXNativeTarget;
			buildConfigurationList = 31E0778520A26EA600934EF6 /* Build configuration list for PBXNativeTarget "pricegetter" */;
			buildPhases = (
				31E0775920A26EA100934EF6 /* Sources */,
				31E0775A20A26EA100934EF6 /* Frameworks */,
				31E0775B20A26EA100934EF6 /* Resources */,
			);
			buildRules = (
			);
			dependencies = (
			);
			name = pricegetter;
			productName = pricegetter;
			productReference = 31E0775D20A26EA100934EF6 /* pricegetter.app */;
			productType = "com.apple.product-type.application";
		};
		31E0777020A26EA600934EF6 /* pricegetterTests */ = {
			isa = PBXNativeTarget;
			buildConfigurationList = 31E0778820A26EA600934EF6 /* Build configuration list for PBXNativeTarget "pricegetterTests" */;
			buildPhases = (
				31E0776D20A26EA600934EF6 /* Sources */,
				31E0776E20A26EA600934EF6 /* Frameworks */,
				31E0776F20A26EA600934EF6 /* Resources */,
			);
			buildRules = (
			);
			dependencies = (
				31E0777320A26EA600934EF6 /* PBXTargetDependency */,
			);
			name = pricegetterTests;
			productName = pricegetterTests;
			productReference = 31E0777120A26EA600934EF6 /* pricegetterTests.xctest */;
			productType = "com.apple.product-type.bundle.unit-test";
		};
		31E0777B20A26EA600934EF6 /* pricegetterUITests */ = {
			isa = PBXNativeTarget;
			buildConfigurationList = 31E0778B20A26EA600934EF6 /* Build configuration list for PBXNativeTarget "pricegetterUITests" */;
			buildPhases = (
				31E0777820A26EA600934EF6 /* Sources */,
				31E0777920A26EA600934EF6 /* Frameworks */,
				31E0777A20A26EA600934EF6 /* Resources */,
			);
			buildRules = (
			);
			dependencies = (
				31E0777E20A26EA600934EF6 /* PBXTargetDependency */,
			);
			name = pricegetterUITests;
			productName = pricegetterUITests;
			productReference = 31E0777C20A26EA600934EF6 /* pricegetterUITests.xctest */;
			productType = "com.apple.product-type.bundle.ui-testing";
		};
/* End PBXNativeTarget section */

/* Begin PBXProject section */
		31E0775520A26EA100934EF6 /* Project object */ = {
			isa = PBXProject;
			attributes = {
				LastSwiftUpdateCheck = 0930;
				LastUpgradeCheck = 0930;
				ORGANIZATIONNAME = "Nikhil Patel";
				TargetAttributes = {
					31E0775C20A26EA100934EF6 = {
						CreatedOnToolsVersion = 9.3;
					};
					31E0777020A26EA600934EF6 = {
						CreatedOnToolsVersion = 9.3;
						TestTargetID = 31E0775C20A26EA100934EF6;
					};
					31E0777B20A26EA600934EF6 = {
						CreatedOnToolsVersion = 9.3;
						TestTargetID = 31E0775C20A26EA100934EF6;
					};
				};
			};
			buildConfigurationList = 31E0775820A26EA100934EF6 /* Build configuration list for PBXProject "pricegetter" */;
			compatibilityVersion = "Xcode 9.3";
			developmentRegion = en;
			hasScannedForEncodings = 0;
			knownRegions = (
				en,
				Base,
			);
			mainGroup = 31E0775420A26EA100934EF6;
			productRefGroup = 31E0775E20A26EA100934EF6 /* Products */;
			projectDirPath = "";
			projectRoot = "";
			targets = (
				31E0775C20A26EA100934EF6 /* pricegetter */,
				31E0777020A26EA600934EF6 /* pricegetterTests */,
				31E0777B20A26EA600934EF6 /* pricegetterUITests */,
			);
		};
/* End PBXProject section */

/* Begin PBXResourcesBuildPhase section */
		31E0775B20A26EA100934EF6 /* Resources */ = {
			isa = PBXResourcesBuildPhase;
			buildActionMask = 2147483647;
			files = (
				31E0776B20A26EA600934EF6 /* LaunchScreen.storyboard in Resources */,
				31E0776820A26EA600934EF6 /* Assets.xcassets in Resources */,
				31E0776620A26EA100934EF6 /* Main.storyboard in Resources */,
			);
			runOnlyForDeploymentPostprocessing = 0;
		};
		31E0776F20A26EA600934EF6 /* Resources */ = {
			isa = PBXResourcesBuildPhase;
			buildActionMask = 2147483647;
			files = (
			);
			runOnlyForDeploymentPostprocessing = 0;
		};
		31E0777A20A26EA600934EF6 /* Resources */ = {
			isa = PBXResourcesBuildPhase;
			buildActionMask = 2147483647;
			files = (
			);
			runOnlyForDeploymentPostprocessing = 0;
		};
/* End PBXResourcesBuildPhase section */

/* Begin PBXSourcesBuildPhase section */
		31E0775920A26EA100934EF6 /* Sources */ = {
			isa = PBXSourcesBuildPhase;
			buildActionMask = 2147483647;
			files = (
				31E0776320A26EA100934EF6 /* ViewController.swift in Sources */,
				31E0776120A26EA100934EF6 /* AppDelegate.swift in Sources */,
			);
			runOnlyForDeploymentPostprocessing = 0;
		};
		31E0776D20A26EA600934EF6 /* Sources */ = {
			isa = PBXSourcesBuildPhase;
			buildActionMask = 2147483647;
			files = (
				31E0777620A26EA600934EF6 /* pricegetterTests.swift in Sources */,
			);
			runOnlyForDeploymentPostprocessing = 0;
		};
		31E0777820A26EA600934EF6 /* Sources */ = {
			isa = PBXSourcesBuildPhase;
			buildActionMask = 2147483647;
			files = (
				31E0778120A26EA600934EF6 /* pricegetterUITests.swift in Sources */,
			);
			runOnlyForDeploymentPostprocessing = 0;
		};
/* End PBXSourcesBuildPhase section */

/* Begin PBXTargetDependency section */
		31E0777320A26EA600934EF6 /* PBXTargetDependency */ = {
			isa = PBXTargetDependency;
			target = 31E0775C20A26EA100934EF6 /* pricegetter */;
			targetProxy = 31E0777220A26EA600934EF6 /* PBXContainerItemProxy */;
		};
		31E0777E20A26EA600934EF6 /* PBXTargetDependency */ = {
			isa = PBXTargetDependency;
			target = 31E0775C20A26EA100934EF6 /* pricegetter */;
			targetProxy = 31E0777D20A26EA600934EF6 /* PBXContainerItemProxy */;
		};
/* End PBXTargetDependency section */

/* Begin PBXVariantGroup section */
		31E0776420A26EA100934EF6 /* Main.storyboard */ = {
			isa = PBXVariantGroup;
			children = (
				31E0776520A26EA100934EF6 /* Base */,
			);
			name = Main.storyboard;
			sourceTree = "<group>";
		};
		31E0776920A26EA600934EF6 /* LaunchScreen.storyboard */ = {
			isa = PBXVariantGroup;
			children = (
				31E0776A20A26EA600934EF6 /* Base */,
			);
			name = LaunchScreen.storyboard;
			sourceTree = "<group>";
		};
/* End PBXVariantGroup section */

/* Begin XCBuildConfiguration section */
		31E0778320A26EA600934EF6 /* Debug */ = {
			isa = XCBuildConfiguration;
			buildSettings = {
				ALWAYS_SEARCH_USER_PATHS = NO;
				CLANG_ANALYZER_NONNULL = YES;
				CLANG_ANALYZER_NUMBER_OBJECT_CONVERSION = YES_AGGRESSIVE;
				CLANG_CXX_LANGUAGE_STANDARD = "gnu++14";
				CLANG_CXX_LIBRARY = "libc++";
				CLANG_ENABLE_MODULES = YES;
				CLANG_ENABLE_OBJC_ARC = YES;
				CLANG_ENABLE_OBJC_WEAK = YES;
				CLANG_WARN_BLOCK_CAPTURE_AUTORELEASING = YES;
				CLANG_WARN_BOOL_CONVERSION = YES;
				CLANG_WARN_COMMA = YES;
				CLANG_WARN_CONSTANT_CONVERSION = YES;
				CLANG_WARN_DEPRECATED_OBJC_IMPLEMENTATIONS = YES;
				CLANG_WARN_DIRECT_OBJC_ISA_USAGE = YES_ERROR;
				CLANG_WARN_DOCUMENTATION_COMMENTS = YES;
				CLANG_WARN_EMPTY_BODY = YES;
				CLANG_WARN_ENUM_CONVERSION = YES;
				CLANG_WARN_INFINITE_RECURSION = YES;
				CLANG_WARN_INT_CONVERSION = YES;
				CLANG_WARN_NON_LITERAL_NULL_CONVERSION = YES;
				CLANG_WARN_OBJC_IMPLICIT_RETAIN_SELF = YES;
				CLANG_WARN_OBJC_LITERAL_CONVERSION = YES;
				CLANG_WARN_OBJC_ROOT_CLASS = YES_ERROR;
				CLANG_WARN_RANGE_LOOP_ANALYSIS = YES;
				CLANG_WARN_STRICT_PROTOTYPES = YES;
				CLANG_WARN_SUSPICIOUS_MOVE = YES;
				CLANG_WARN_UNGUARDED_AVAILABILITY = YES_AGGRESSIVE;
				CLANG_WARN_UNREACHABLE_CODE = YES;
				CLANG_WARN__DUPLICATE_METHOD_MATCH = YES;
				CODE_SIGN_IDENTITY = "iPhone Developer";
				COPY_PHASE_STRIP = NO;
				DEBUG_INFORMATION_FORMAT = dwarf;
				ENABLE_STRICT_OBJC_MSGSEND = YES;
				ENABLE_TESTABILITY = YES;
				GCC_C_LANGUAGE_STANDARD = gnu11;
				GCC_DYNAMIC_NO_PIC = NO;
				GCC_NO_COMMON_BLOCKS = YES;
				GCC_OPTIMIZATION_LEVEL = 0;
				GCC_PREPROCESSOR_DEFINITIONS = (
					"DEBUG=1",
					"$(inherited)",
				);
				GCC_WARN_64_TO_32_BIT_CONVERSION = YES;
				GCC_WARN_ABOUT_RETURN_TYPE = YES_ERROR;
				GCC_WARN_UNDECLARED_SELECTOR = YES;
				GCC_WARN_UNINITIALIZED_AUTOS = YES_AGGRESSIVE;
				GCC_WARN_UNUSED_FUNCTION = YES;
				GCC_WARN_UNUSED_VARIABLE = YES;
				IPHONEOS_DEPLOYMENT_TARGET = 11.3;
				MTL_ENABLE_DEBUG_INFO = YES;
				ONLY_ACTIVE_ARCH = YES;
				SDKROOT = iphoneos;
				SWIFT_ACTIVE_COMPILATION_CONDITIONS = DEBUG;
				SWIFT_OPTIMIZATION_LEVEL = "-Onone";
			};
			name = Debug;
		};
		31E0778420A26EA600934EF6 /* Release */ = {
			isa = XCBuildConfiguration;
			buildSettings = {
				ALWAYS_SEARCH_USER_PATHS = NO;
				CLANG_ANALYZER_NONNULL = YES;
				CLANG_ANALYZER_NUMBER_OBJECT_CONVERSION = YES_AGGRESSIVE;
				CLANG_CXX_LANGUAGE_STANDARD = "gnu++14";
				CLANG_CXX_LIBRARY = "libc++";
				CLANG_ENABLE_MODULES = YES;
				CLANG_ENABLE_OBJC_ARC = YES;
				CLANG_ENABLE_OBJC_WEAK = YES;
				CLANG_WARN_BLOCK_CAPTURE_AUTORELEASING = YES;
				CLANG_WARN_BOOL_CONVERSION = YES;
				CLANG_WARN_COMMA = YES;
				CLANG_WARN_CONSTANT_CONVERSION = YES;
				CLANG_WARN_DEPRECATED_OBJC_IMPLEMENTATIONS = YES;
				CLANG_WARN_DIRECT_OBJC_ISA_USAGE = YES_ERROR;
				CLANG_WARN_DOCUMENTATION_COMMENTS = YES;
				CLANG_WARN_EMPTY_BODY = YES;
				CLANG_WARN_ENUM_CONVERSION = YES;
				CLANG_WARN_INFINITE_RECURSION = YES;
				CLANG_WARN_INT_CONVERSION = YES;
				CLANG_WARN_NON_LITERAL_NULL_CONVERSION = YES;
				CLANG_WARN_OBJC_IMPLICIT_RETAIN_SELF = YES;
				CLANG_WARN_OBJC_LITERAL_CONVERSION = YES;
				CLANG_WARN_OBJC_ROOT_CLASS = YES_ERROR;
				CLANG_WARN_RANGE_LOOP_ANALYSIS = YES;
				CLANG_WARN_STRICT_PROTOTYPES = YES;
				CLANG_WARN_SUSPICIOUS_MOVE = YES;
				CLANG_WARN_UNGUARDED_AVAILABILITY = YES_AGGRESSIVE;
				CLANG_WARN_UNREACHABLE_CODE = YES;
				CLANG_WARN__DUPLICATE_METHOD_MATCH = YES;
				CODE_SIGN_IDENTITY = "iPhone Developer";
				COPY_PHASE_STRIP = NO;
				DEBUG_INFORMATION_FORMAT = "dwarf-with-dsym";
				ENABLE_NS_ASSERTIONS = NO;
				ENABLE_STRICT_OBJC_MSGSEND = YES;
				GCC_C_LANGUAGE_STANDARD = gnu11;
				GCC_NO_COMMON_BLOCKS = YES;
				GCC_WARN_64_TO_32_BIT_CONVERSION = YES;
				GCC_WARN_ABOUT_RETURN_TYPE = YES_ERROR;
				GCC_WARN_UNDECLARED_SELECTOR = YES;
				GCC_WARN_UNINITIALIZED_AUTOS = YES_AGGRESSIVE;
				GCC_WARN_UNUSED_FUNCTION = YES;
				GCC_WARN_UNUSED_VARIABLE = YES;
				IPHONEOS_DEPLOYMENT_TARGET = 11.3;
				MTL_ENABLE_DEBUG_INFO = NO;
				SDKROOT = iphoneos;
				SWIFT_COMPILATION_MODE = wholemodule;
				SWIFT_OPTIMIZATION_LEVEL = "-O";
				VALIDATE_PRODUCT = YES;
			};
			name = Release;
		};
		31E0778620A26EA600934EF6 /* Debug */ = {
			isa = XCBuildConfiguration;
			buildSettings = {
				ASSETCATALOG_COMPILER_APPICON_NAME = AppIcon;
				CODE_SIGN_STYLE = Automatic;
				INFOPLIST_FILE = pricegetter/Info.plist;
				LD_RUNPATH_SEARCH_PATHS = (
					"$(inherited)",
					"@executable_path/Frameworks",
				);
				PRODUCT_BUNDLE_IDENTIFIER = coinflip.pricegetter;
				PRODUCT_NAME = "$(TARGET_NAME)";
				SWIFT_VERSION = 4.0;
				TARGETED_DEVICE_FAMILY = "1,2";
			};
			name = Debug;
		};
		31E0778720A26EA600934EF6 /* Release */ = {
			isa = XCBuildConfiguration;
			buildSettings = {
				ASSETCATALOG_COMPILER_APPICON_NAME = AppIcon;
				CODE_SIGN_STYLE = Automatic;
				INFOPLIST_FILE = pricegetter/Info.plist;
				LD_RUNPATH_SEARCH_PATHS = (
					"$(inherited)",
					"@executable_path/Frameworks",
				);
				PRODUCT_BUNDLE_IDENTIFIER = coinflip.pricegetter;
				PRODUCT_NAME = "$(TARGET_NAME)";
				SWIFT_VERSION = 4.0;
				TARGETED_DEVICE_FAMILY = "1,2";
			};
			name = Release;
		};
		31E0778920A26EA600934EF6 /* Debug */ = {
			isa = XCBuildConfiguration;
			buildSettings = {
				ALWAYS_EMBED_SWIFT_STANDARD_LIBRARIES = YES;
				BUNDLE_LOADER = "$(TEST_HOST)";
				CODE_SIGN_STYLE = Automatic;
				INFOPLIST_FILE = pricegetterTests/Info.plist;
				LD_RUNPATH_SEARCH_PATHS = (
					"$(inherited)",
					"@executable_path/Frameworks",
					"@loader_path/Frameworks",
				);
				PRODUCT_BUNDLE_IDENTIFIER = coinflip.pricegetterTests;
				PRODUCT_NAME = "$(TARGET_NAME)";
				SWIFT_VERSION = 4.0;
				TARGETED_DEVICE_FAMILY = "1,2";
				TEST_HOST = "$(BUILT_PRODUCTS_DIR)/pricegetter.app/pricegetter";
			};
			name = Debug;
		};
		31E0778A20A26EA600934EF6 /* Release */ = {
			isa = XCBuildConfiguration;
			buildSettings = {
				ALWAYS_EMBED_SWIFT_STANDARD_LIBRARIES = YES;
				BUNDLE_LOADER = "$(TEST_HOST)";
				CODE_SIGN_STYLE = Automatic;
				INFOPLIST_FILE = pricegetterTests/Info.plist;
				LD_RUNPATH_SEARCH_PATHS = (
					"$(inherited)",
					"@executable_path/Frameworks",
					"@loader_path/Frameworks",
				);
				PRODUCT_BUNDLE_IDENTIFIER = coinflip.pricegetterTests;
				PRODUCT_NAME = "$(TARGET_NAME)";
				SWIFT_VERSION = 4.0;
				TARGETED_DEVICE_FAMILY = "1,2";
				TEST_HOST = "$(BUILT_PRODUCTS_DIR)/pricegetter.app/pricegetter";
			};
			name = Release;
		};
		31E0778C20A26EA600934EF6 /* Debug */ = {
			isa = XCBuildConfiguration;
			buildSettings = {
				ALWAYS_EMBED_SWIFT_STANDARD_LIBRARIES = YES;
				CODE_SIGN_STYLE = Automatic;
				INFOPLIST_FILE = pricegetterUITests/Info.plist;
				LD_RUNPATH_SEARCH_PATHS = (
					"$(inherited)",
					"@executable_path/Frameworks",
					"@loader_path/Frameworks",
				);
				PRODUCT_BUNDLE_IDENTIFIER = coinflip.pricegetterUITests;
				PRODUCT_NAME = "$(TARGET_NAME)";
				SWIFT_VERSION = 4.0;
				TARGETED_DEVICE_FAMILY = "1,2";
				TEST_TARGET_NAME = pricegetter;
			};
			name = Debug;
		};
		31E0778D20A26EA600934EF6 /* Release */ = {
			isa = XCBuildConfiguration;
			buildSettings = {
				ALWAYS_EMBED_SWIFT_STANDARD_LIBRARIES = YES;
				CODE_SIGN_STYLE = Automatic;
				INFOPLIST_FILE = pricegetterUITests/Info.plist;
				LD_RUNPATH_SEARCH_PATHS = (
					"$(inherited)",
					"@executable_path/Frameworks",
					"@loader_path/Frameworks",
				);
				PRODUCT_BUNDLE_IDENTIFIER = coinflip.pricegetterUITests;
				PRODUCT_NAME = "$(TARGET_NAME)";
				SWIFT_VERSION = 4.0;
				TARGETED_DEVICE_FAMILY = "1,2";
				TEST_TARGET_NAME = pricegetter;
			};
			name = Release;
		};
/* End XCBuildConfiguration section */

/* Begin XCConfigurationList section */
		31E0775820A26EA100934EF6 /* Build configuration list for PBXProject "pricegetter" */ = {
			isa = XCConfigurationList;
			buildConfigurations = (
				31E0778320A26EA600934EF6 /* Debug */,
				31E0778420A26EA600934EF6 /* Release */,
			);
			defaultConfigurationIsVisible = 0;
			defaultConfigurationName = Release;
		};
		31E0778520A26EA600934EF6 /* Build configuration list for PBXNativeTarget "pricegetter" */ = {
			isa = XCConfigurationList;
			buildConfigurations = (
				31E0778620A26EA600934EF6 /* Debug */,
				31E0778720A26EA600934EF6 /* Release */,
			);
			defaultConfigurationIsVisible = 0;
			defaultConfigurationName = Release;
		};
		31E0778820A26EA600934EF6 /* Build configuration list for PBXNativeTarget "pricegetterTests" */ = {
			isa = XCConfigurationList;
			buildConfigurations = (
				31E0778920A26EA600934EF6 /* Debug */,
				31E0778A20A26EA600934EF6 /* Release */,
			);
			defaultConfigurationIsVisible = 0;
			defaultConfigurationName = Release;
		};
		31E0778B20A26EA600934EF6 /* Build configuration list for PBXNativeTarget "pricegetterUITests" */ = {
			isa = XCConfigurationList;
			buildConfigurations = (
				31E0778C20A26EA600934EF6 /* Debug */,
				31E0778D20A26EA600934EF6 /* Release */,
			);
			defaultConfigurationIsVisible = 0;
			defaultConfigurationName = Release;
		};
/* End XCConfigurationList section */
	};
	rootObject = 31E0775520A26EA100934EF6 /* Project object */;
}
